
Microsoft Visual Studio Solution File, Format Version 12.00
# Visual Studio Version 17
VisualStudioVersion = 17.11.35222.181
MinimumVisualStudioVersion = 10.0.40219.1
Project("{9A19103F-16F7-4668-BE54-9A1E7A4F7556}") = "OnlineShopWebApp", "OnlineShopWebApp\OnlineShopWebApp.csproj", "{BA866FE7-43F8-46FE-AD9C-BB4948F3B87D}"
EndProject
Global
	GlobalSection(SolutionConfigurationPlatforms) = preSolution
		Debug|Any CPU = Debug|Any CPU
		Release|Any CPU = Release|Any CPU
	EndGlobalSection
	GlobalSection(ProjectConfigurationPlatforms) = postSolution
		{BA866FE7-43F8-46FE-AD9C-BB4948F3B87D}.Debug|Any CPU.ActiveCfg = Debug|Any CPU
		{BA866FE7-43F8-46FE-AD9C-BB4948F3B87D}.Debug|Any CPU.Build.0 = Debug|Any CPU
		{BA866FE7-43F8-46FE-AD9C-BB4948F3B87D}.Release|Any CPU.ActiveCfg = Release|Any CPU
		{BA866FE7-43F8-46FE-AD9C-BB4948F3B87D}.Release|Any CPU.Build.0 = Release|Any CPU
	EndGlobalSection
	GlobalSection(SolutionProperties) = preSolution
		HideSolutionNode = FALSE
	EndGlobalSection
	GlobalSection(ExtensibilityGlobals) = postSolution
		SolutionGuid = {7019D7CE-888D-46A6-9F79-93B5974D87A2}
	EndGlobalSection
EndGlobal
